
Microsoft Visual Studio Solution File, Format Version 12.00
# Visual Studio Version 17
VisualStudioVersion = 17.0.31808.319
MinimumVisualStudioVersion = 10.0.40219.1
Project("{9A19103F-16F7-4668-BE54-9A1E7A4F7556}") = "HelloWorld", "HelloWorld\HelloWorld.csproj", "{C58BB00E-EE52-4747-A772-B53A1CEA2025}"
EndProject
Project("{FAE04EC0-301F-11D3-BF4B-00C04F79EFBC}") = "HelloWorldClassic", "HelloWorldClassic\HelloWorldClassic.csproj", "{FD03C60B-89A1-4CE9-89F9-221374090C95}"
EndProject
Project("{9A19103F-16F7-4668-BE54-9A1E7A4F7556}") = "HelloWorld10", "HelloWorld10\HelloWorld10.csproj", "{61FD1718-C55B-4B45-8252-DC570A69A226}"
EndProject
Project("{9A19103F-16F7-4668-BE54-9A1E7A4F7556}") = "TypesDemo", "TypesDemo\TypesDemo.csproj", "{262892BE-6DD2-4825-88FA-792ADD825DD3}"
EndProject
Project("{9A19103F-16F7-4668-BE54-9A1E7A4F7556}") = "NameSpaceDemo", "NameSpaceDemo\NameSpaceDemo.csproj", "{959A7E6D-2B67-4696-8694-583034FA3FC0}"
EndProject
Project("{9A19103F-16F7-4668-BE54-9A1E7A4F7556}") = "microsoft.string.extensions", "microsoft.string.extensions\microsoft.string.extensions.csproj", "{433FE0D2-9134-4776-84E0-03FF6EF240C2}"
EndProject
Project("{9A19103F-16F7-4668-BE54-9A1E7A4F7556}") = "sabatex.Int128", "Int128\sabatex.Int128.csproj", "{A026809D-9488-4234-A441-D9005DE21ECA}"
EndProject
Project("{9A19103F-16F7-4668-BE54-9A1E7A4F7556}") = "TestInt128", "TestInt128\TestInt128.csproj", "{88A9251C-A539-4CB4-818A-8D02603D52D8}"
EndProject
Project("{9A19103F-16F7-4668-BE54-9A1E7A4F7556}") = "VirtualDemo", "VirtualDemo\VirtualDemo.csproj", "{79AC5160-0503-4FEE-9937-1F3B11A7CDE0}"
EndProject
Project("{9A19103F-16F7-4668-BE54-9A1E7A4F7556}") = "UInt128S", "UInt128S\UInt128S.csproj", "{451F1D3B-85C0-4ADE-B2E8-360816276EA0}"
EndProject
Project("{9A19103F-16F7-4668-BE54-9A1E7A4F7556}") = "delegateDemo", "delegateDemo\delegateDemo.csproj", "{0313937A-E077-441F-9155-34B700EED779}"
EndProject
Project("{9A19103F-16F7-4668-BE54-9A1E7A4F7556}") = "MonoCycle", "MonoCycle\MonoCycle.csproj", "{BB3D76C6-4667-4066-BCE7-1004D3E06022}"
EndProject
Project("{9A19103F-16F7-4668-BE54-9A1E7A4F7556}") = "GenericDemo", "GenericDemo\GenericDemo.csproj", "{0ABC089C-22D8-471F-AA5B-98634704CF83}"
EndProject
Project("{9A19103F-16F7-4668-BE54-9A1E7A4F7556}") = "GCDemo", "GCDemo\GCDemo.csproj", "{EE4B8207-8F5D-4C55-A09F-488043064355}"
EndProject
Project("{FAE04EC0-301F-11D3-BF4B-00C04F79EFBC}") = "FileDemo", "FileDemo\FileDemo.csproj", "{305A8F4A-CA4E-4970-89A0-10F59025FB0F}"
EndProject
Project("{FAE04EC0-301F-11D3-BF4B-00C04F79EFBC}") = "myls", "myls\myls.csproj", "{2558AD8D-93DB-4B87-8ACA-A12169FD6FF5}"
EndProject
Global
	GlobalSection(SolutionConfigurationPlatforms) = preSolution
		Debug|Any CPU = Debug|Any CPU
		Release|Any CPU = Release|Any CPU
	EndGlobalSection
	GlobalSection(ProjectConfigurationPlatforms) = postSolution
		{C58BB00E-EE52-4747-A772-B53A1CEA2025}.Debug|Any CPU.ActiveCfg = Debug|Any CPU
		{C58BB00E-EE52-4747-A772-B53A1CEA2025}.Debug|Any CPU.Build.0 = Debug|Any CPU
		{C58BB00E-EE52-4747-A772-B53A1CEA2025}.Release|Any CPU.ActiveCfg = Release|Any CPU
		{C58BB00E-EE52-4747-A772-B53A1CEA2025}.Release|Any CPU.Build.0 = Release|Any CPU
		{FD03C60B-89A1-4CE9-89F9-221374090C95}.Debug|Any CPU.ActiveCfg = Debug|Any CPU
		{FD03C60B-89A1-4CE9-89F9-221374090C95}.Debug|Any CPU.Build.0 = Debug|Any CPU
		{FD03C60B-89A1-4CE9-89F9-221374090C95}.Release|Any CPU.ActiveCfg = Release|Any CPU
		{FD03C60B-89A1-4CE9-89F9-221374090C95}.Release|Any CPU.Build.0 = Release|Any CPU
		{61FD1718-C55B-4B45-8252-DC570A69A226}.Debug|Any CPU.ActiveCfg = Debug|Any CPU
		{61FD1718-C55B-4B45-8252-DC570A69A226}.Debug|Any CPU.Build.0 = Debug|Any CPU
		{61FD1718-C55B-4B45-8252-DC570A69A226}.Release|Any CPU.ActiveCfg = Release|Any CPU
		{61FD1718-C55B-4B45-8252-DC570A69A226}.Release|Any CPU.Build.0 = Release|Any CPU
		{262892BE-6DD2-4825-88FA-792ADD825DD3}.Debug|Any CPU.ActiveCfg = Debug|Any CPU
		{262892BE-6DD2-4825-88FA-792ADD825DD3}.Debug|Any CPU.Build.0 = Debug|Any CPU
		{262892BE-6DD2-4825-88FA-792ADD825DD3}.Release|Any CPU.ActiveCfg = Release|Any CPU
		{262892BE-6DD2-4825-88FA-792ADD825DD3}.Release|Any CPU.Build.0 = Release|Any CPU
		{959A7E6D-2B67-4696-8694-583034FA3FC0}.Debug|Any CPU.ActiveCfg = Debug|Any CPU
		{959A7E6D-2B67-4696-8694-583034FA3FC0}.Debug|Any CPU.Build.0 = Debug|Any CPU
		{959A7E6D-2B67-4696-8694-583034FA3FC0}.Release|Any CPU.ActiveCfg = Release|Any CPU
		{959A7E6D-2B67-4696-8694-583034FA3FC0}.Release|Any CPU.Build.0 = Release|Any CPU
		{433FE0D2-9134-4776-84E0-03FF6EF240C2}.Debug|Any CPU.ActiveCfg = Debug|Any CPU
		{433FE0D2-9134-4776-84E0-03FF6EF240C2}.Debug|Any CPU.Build.0 = Debug|Any CPU
		{433FE0D2-9134-4776-84E0-03FF6EF240C2}.Release|Any CPU.ActiveCfg = Release|Any CPU
		{433FE0D2-9134-4776-84E0-03FF6EF240C2}.Release|Any CPU.Build.0 = Release|Any CPU
		{A026809D-9488-4234-A441-D9005DE21ECA}.Debug|Any CPU.ActiveCfg = Debug|Any CPU
		{A026809D-9488-4234-A441-D9005DE21ECA}.Debug|Any CPU.Build.0 = Debug|Any CPU
		{A026809D-9488-4234-A441-D9005DE21ECA}.Release|Any CPU.ActiveCfg = Release|Any CPU
		{A026809D-9488-4234-A441-D9005DE21ECA}.Release|Any CPU.Build.0 = Release|Any CPU
		{88A9251C-A539-4CB4-818A-8D02603D52D8}.Debug|Any CPU.ActiveCfg = Debug|Any CPU
		{88A9251C-A539-4CB4-818A-8D02603D52D8}.Debug|Any CPU.Build.0 = Debug|Any CPU
		{88A9251C-A539-4CB4-818A-8D02603D52D8}.Release|Any CPU.ActiveCfg = Release|Any CPU
		{88A9251C-A539-4CB4-818A-8D02603D52D8}.Release|Any CPU.Build.0 = Release|Any CPU
		{79AC5160-0503-4FEE-9937-1F3B11A7CDE0}.Debug|Any CPU.ActiveCfg = Debug|Any CPU
		{79AC5160-0503-4FEE-9937-1F3B11A7CDE0}.Debug|Any CPU.Build.0 = Debug|Any CPU
		{79AC5160-0503-4FEE-9937-1F3B11A7CDE0}.Release|Any CPU.ActiveCfg = Release|Any CPU
		{79AC5160-0503-4FEE-9937-1F3B11A7CDE0}.Release|Any CPU.Build.0 = Release|Any CPU
		{451F1D3B-85C0-4ADE-B2E8-360816276EA0}.Debug|Any CPU.ActiveCfg = Debug|Any CPU
		{451F1D3B-85C0-4ADE-B2E8-360816276EA0}.Debug|Any CPU.Build.0 = Debug|Any CPU
		{451F1D3B-85C0-4ADE-B2E8-360816276EA0}.Release|Any CPU.ActiveCfg = Release|Any CPU
		{451F1D3B-85C0-4ADE-B2E8-360816276EA0}.Release|Any CPU.Build.0 = Release|Any CPU
		{0313937A-E077-441F-9155-34B700EED779}.Debug|Any CPU.ActiveCfg = Debug|Any CPU
		{0313937A-E077-441F-9155-34B700EED779}.Debug|Any CPU.Build.0 = Debug|Any CPU
		{0313937A-E077-441F-9155-34B700EED779}.Release|Any CPU.ActiveCfg = Release|Any CPU
		{0313937A-E077-441F-9155-34B700EED779}.Release|Any CPU.Build.0 = Release|Any CPU
		{BB3D76C6-4667-4066-BCE7-1004D3E06022}.Debug|Any CPU.ActiveCfg = Debug|Any CPU
		{BB3D76C6-4667-4066-BCE7-1004D3E06022}.Debug|Any CPU.Build.0 = Debug|Any CPU
		{BB3D76C6-4667-4066-BCE7-1004D3E06022}.Release|Any CPU.ActiveCfg = Release|Any CPU
		{BB3D76C6-4667-4066-BCE7-1004D3E06022}.Release|Any CPU.Build.0 = Release|Any CPU
		{0ABC089C-22D8-471F-AA5B-98634704CF83}.Debug|Any CPU.ActiveCfg = Debug|Any CPU
		{0ABC089C-22D8-471F-AA5B-98634704CF83}.Debug|Any CPU.Build.0 = Debug|Any CPU
		{0ABC089C-22D8-471F-AA5B-98634704CF83}.Release|Any CPU.ActiveCfg = Release|Any CPU
		{0ABC089C-22D8-471F-AA5B-98634704CF83}.Release|Any CPU.Build.0 = Release|Any CPU
		{EE4B8207-8F5D-4C55-A09F-488043064355}.Debug|Any CPU.ActiveCfg = Debug|Any CPU
		{EE4B8207-8F5D-4C55-A09F-488043064355}.Debug|Any CPU.Build.0 = Debug|Any CPU
		{EE4B8207-8F5D-4C55-A09F-488043064355}.Release|Any CPU.ActiveCfg = Release|Any CPU
		{EE4B8207-8F5D-4C55-A09F-488043064355}.Release|Any CPU.Build.0 = Release|Any CPU
		{305A8F4A-CA4E-4970-89A0-10F59025FB0F}.Debug|Any CPU.ActiveCfg = Debug|Any CPU
		{305A8F4A-CA4E-4970-89A0-10F59025FB0F}.Debug|Any CPU.Build.0 = Debug|Any CPU
		{305A8F4A-CA4E-4970-89A0-10F59025FB0F}.Release|Any CPU.ActiveCfg = Release|Any CPU
		{305A8F4A-CA4E-4970-89A0-10F59025FB0F}.Release|Any CPU.Build.0 = Release|Any CPU
		{2558AD8D-93DB-4B87-8ACA-A12169FD6FF5}.Debug|Any CPU.ActiveCfg = Debug|Any CPU
		{2558AD8D-93DB-4B87-8ACA-A12169FD6FF5}.Debug|Any CPU.Build.0 = Debug|Any CPU
		{2558AD8D-93DB-4B87-8ACA-A12169FD6FF5}.Release|Any CPU.ActiveCfg = Release|Any CPU
		{2558AD8D-93DB-4B87-8ACA-A12169FD6FF5}.Release|Any CPU.Build.0 = Release|Any CPU
	EndGlobalSection
	GlobalSection(SolutionProperties) = preSolution
		HideSolutionNode = FALSE
	EndGlobalSection
	GlobalSection(ExtensibilityGlobals) = postSolution
		SolutionGuid = {69CAFA4B-6518-42D5-B0B6-A5F446F1FF96}
	EndGlobalSection
EndGlobal
