
Microsoft Visual Studio Solution File, Format Version 12.00
# Visual Studio Version 17
VisualStudioVersion = 17.0.31808.319
MinimumVisualStudioVersion = 10.0.40219.1
Project("{9A19103F-16F7-4668-BE54-9A1E7A4F7556}") = "VirtualDemo", "VirtualDemo\VirtualDemo.csproj", "{79AC5160-0503-4FEE-9937-1F3B11A7CDE0}"
EndProject
Project("{9A19103F-16F7-4668-BE54-9A1E7A4F7556}") = "UInt128S", "UInt128S\UInt128S.csproj", "{451F1D3B-85C0-4ADE-B2E8-360816276EA0}"
EndProject
Project("{9A19103F-16F7-4668-BE54-9A1E7A4F7556}") = "MonoCycle", "MonoCycle\MonoCycle.csproj", "{BB3D76C6-4667-4066-BCE7-1004D3E06022}"
EndProject
Project("{9A19103F-16F7-4668-BE54-9A1E7A4F7556}") = "LinqDemo", "LinqDemo\LinqDemo.csproj", "{E7DB00F5-F361-4A90-98B2-5D6E383C9261}"
EndProject
Project("{9A19103F-16F7-4668-BE54-9A1E7A4F7556}") = "SerializeDemo", "SerializeDemo\SerializeDemo.csproj", "{9C2DA255-EA09-4738-A3AF-7832B1BF2138}"
EndProject
Project("{9A19103F-16F7-4668-BE54-9A1E7A4F7556}") = "CharpDemo", "CharpDemo\CharpDemo.csproj", "{17D0C2CD-56AD-4C63-AFA1-45AC65C7556D}"
EndProject
Project("{2150E333-8FDC-42A3-9474-1A3956D46DE8}") = "WinForms", "WinForms", "{0874EE29-A115-48F1-96B8-7CF0CF174126}"
EndProject
Project("{9A19103F-16F7-4668-BE54-9A1E7A4F7556}") = "WinFormsHelloWorld", "WinForms\WinFormsHelloWorld\WinFormsHelloWorld.csproj", "{38D74FE6-B047-49F3-8AF5-6330157D8579}"
EndProject
Project("{9A19103F-16F7-4668-BE54-9A1E7A4F7556}") = "WPFDemo", "WPFDemo\WPFDemo.csproj", "{8ADFE820-D5F2-49F5-A89D-1026C9D25C04}"
EndProject
Project("{9A19103F-16F7-4668-BE54-9A1E7A4F7556}") = "DesignPatterns", "DesignPatterns\DesignPatterns.csproj", "{5A950812-8633-4897-8DAD-6E0CAACE5EFE}"
EndProject
Project("{9A19103F-16F7-4668-BE54-9A1E7A4F7556}") = "UriyFactory", "UriyFactory\UriyFactory.csproj", "{C9BFF998-0B50-4C1A-9B27-9D7FB884862A}"
EndProject
Project("{9A19103F-16F7-4668-BE54-9A1E7A4F7556}") = "itstepWpfControls", "itstepWpfControls\itstepWpfControls.csproj", "{A2880C0C-0D9B-4990-BAC0-9534B5B8E225}"
EndProject
Project("{9A19103F-16F7-4668-BE54-9A1E7A4F7556}") = "Chess", "Chess\Chess.csproj", "{CA21F3C2-AE75-4DE3-A2D2-5442902F7576}"
EndProject
Project("{9A19103F-16F7-4668-BE54-9A1E7A4F7556}") = "WpfChess", "WpfChess\WpfChess.csproj", "{DD3E96C1-FFAC-4A93-B5A5-861759AF1034}"
EndProject
Project("{FAE04EC0-301F-11D3-BF4B-00C04F79EFBC}") = "WindowsFormsExplorer", "WindowsFormsExplorer\WindowsFormsExplorer.csproj", "{7FB76F4B-30AA-47BD-8010-1FEC8D6B0E69}"
EndProject
Project("{2150E333-8FDC-42A3-9474-1A3956D46DE8}") = "ADONET", "ADONET", "{D9A213E3-0920-4C36-863C-111F69F7C858}"
EndProject
Project("{FAE04EC0-301F-11D3-BF4B-00C04F79EFBC}") = "ADO.NET.Demo", "ADO.NET.Demo\ADO.NET.Demo.csproj", "{A5F7C729-721C-4988-9DBB-8F264EBF28F4}"
EndProject
Global
	GlobalSection(SolutionConfigurationPlatforms) = preSolution
		Debug|Any CPU = Debug|Any CPU
		Release|Any CPU = Release|Any CPU
	EndGlobalSection
	GlobalSection(ProjectConfigurationPlatforms) = postSolution
		{79AC5160-0503-4FEE-9937-1F3B11A7CDE0}.Debug|Any CPU.ActiveCfg = Debug|Any CPU
		{79AC5160-0503-4FEE-9937-1F3B11A7CDE0}.Debug|Any CPU.Build.0 = Debug|Any CPU
		{79AC5160-0503-4FEE-9937-1F3B11A7CDE0}.Release|Any CPU.ActiveCfg = Release|Any CPU
		{79AC5160-0503-4FEE-9937-1F3B11A7CDE0}.Release|Any CPU.Build.0 = Release|Any CPU
		{451F1D3B-85C0-4ADE-B2E8-360816276EA0}.Debug|Any CPU.ActiveCfg = Debug|Any CPU
		{451F1D3B-85C0-4ADE-B2E8-360816276EA0}.Debug|Any CPU.Build.0 = Debug|Any CPU
		{451F1D3B-85C0-4ADE-B2E8-360816276EA0}.Release|Any CPU.ActiveCfg = Release|Any CPU
		{451F1D3B-85C0-4ADE-B2E8-360816276EA0}.Release|Any CPU.Build.0 = Release|Any CPU
		{BB3D76C6-4667-4066-BCE7-1004D3E06022}.Debug|Any CPU.ActiveCfg = Debug|Any CPU
		{BB3D76C6-4667-4066-BCE7-1004D3E06022}.Debug|Any CPU.Build.0 = Debug|Any CPU
		{BB3D76C6-4667-4066-BCE7-1004D3E06022}.Release|Any CPU.ActiveCfg = Release|Any CPU
		{BB3D76C6-4667-4066-BCE7-1004D3E06022}.Release|Any CPU.Build.0 = Release|Any CPU
		{E7DB00F5-F361-4A90-98B2-5D6E383C9261}.Debug|Any CPU.ActiveCfg = Debug|Any CPU
		{E7DB00F5-F361-4A90-98B2-5D6E383C9261}.Debug|Any CPU.Build.0 = Debug|Any CPU
		{E7DB00F5-F361-4A90-98B2-5D6E383C9261}.Release|Any CPU.ActiveCfg = Release|Any CPU
		{E7DB00F5-F361-4A90-98B2-5D6E383C9261}.Release|Any CPU.Build.0 = Release|Any CPU
		{9C2DA255-EA09-4738-A3AF-7832B1BF2138}.Debug|Any CPU.ActiveCfg = Debug|Any CPU
		{9C2DA255-EA09-4738-A3AF-7832B1BF2138}.Debug|Any CPU.Build.0 = Debug|Any CPU
		{9C2DA255-EA09-4738-A3AF-7832B1BF2138}.Release|Any CPU.ActiveCfg = Release|Any CPU
		{9C2DA255-EA09-4738-A3AF-7832B1BF2138}.Release|Any CPU.Build.0 = Release|Any CPU
		{17D0C2CD-56AD-4C63-AFA1-45AC65C7556D}.Debug|Any CPU.ActiveCfg = Debug|Any CPU
		{17D0C2CD-56AD-4C63-AFA1-45AC65C7556D}.Debug|Any CPU.Build.0 = Debug|Any CPU
		{17D0C2CD-56AD-4C63-AFA1-45AC65C7556D}.Release|Any CPU.ActiveCfg = Release|Any CPU
		{17D0C2CD-56AD-4C63-AFA1-45AC65C7556D}.Release|Any CPU.Build.0 = Release|Any CPU
		{38D74FE6-B047-49F3-8AF5-6330157D8579}.Debug|Any CPU.ActiveCfg = Debug|Any CPU
		{38D74FE6-B047-49F3-8AF5-6330157D8579}.Debug|Any CPU.Build.0 = Debug|Any CPU
		{38D74FE6-B047-49F3-8AF5-6330157D8579}.Release|Any CPU.ActiveCfg = Release|Any CPU
		{38D74FE6-B047-49F3-8AF5-6330157D8579}.Release|Any CPU.Build.0 = Release|Any CPU
		{8ADFE820-D5F2-49F5-A89D-1026C9D25C04}.Debug|Any CPU.ActiveCfg = Debug|Any CPU
		{8ADFE820-D5F2-49F5-A89D-1026C9D25C04}.Debug|Any CPU.Build.0 = Debug|Any CPU
		{8ADFE820-D5F2-49F5-A89D-1026C9D25C04}.Release|Any CPU.ActiveCfg = Release|Any CPU
		{8ADFE820-D5F2-49F5-A89D-1026C9D25C04}.Release|Any CPU.Build.0 = Release|Any CPU
		{5A950812-8633-4897-8DAD-6E0CAACE5EFE}.Debug|Any CPU.ActiveCfg = Debug|Any CPU
		{5A950812-8633-4897-8DAD-6E0CAACE5EFE}.Debug|Any CPU.Build.0 = Debug|Any CPU
		{5A950812-8633-4897-8DAD-6E0CAACE5EFE}.Release|Any CPU.ActiveCfg = Release|Any CPU
		{5A950812-8633-4897-8DAD-6E0CAACE5EFE}.Release|Any CPU.Build.0 = Release|Any CPU
		{C9BFF998-0B50-4C1A-9B27-9D7FB884862A}.Debug|Any CPU.ActiveCfg = Debug|Any CPU
		{C9BFF998-0B50-4C1A-9B27-9D7FB884862A}.Debug|Any CPU.Build.0 = Debug|Any CPU
		{C9BFF998-0B50-4C1A-9B27-9D7FB884862A}.Release|Any CPU.ActiveCfg = Release|Any CPU
		{C9BFF998-0B50-4C1A-9B27-9D7FB884862A}.Release|Any CPU.Build.0 = Release|Any CPU
		{A2880C0C-0D9B-4990-BAC0-9534B5B8E225}.Debug|Any CPU.ActiveCfg = Debug|Any CPU
		{A2880C0C-0D9B-4990-BAC0-9534B5B8E225}.Debug|Any CPU.Build.0 = Debug|Any CPU
		{A2880C0C-0D9B-4990-BAC0-9534B5B8E225}.Release|Any CPU.ActiveCfg = Release|Any CPU
		{A2880C0C-0D9B-4990-BAC0-9534B5B8E225}.Release|Any CPU.Build.0 = Release|Any CPU
		{CA21F3C2-AE75-4DE3-A2D2-5442902F7576}.Debug|Any CPU.ActiveCfg = Debug|Any CPU
		{CA21F3C2-AE75-4DE3-A2D2-5442902F7576}.Debug|Any CPU.Build.0 = Debug|Any CPU
		{CA21F3C2-AE75-4DE3-A2D2-5442902F7576}.Release|Any CPU.ActiveCfg = Release|Any CPU
		{CA21F3C2-AE75-4DE3-A2D2-5442902F7576}.Release|Any CPU.Build.0 = Release|Any CPU
		{DD3E96C1-FFAC-4A93-B5A5-861759AF1034}.Debug|Any CPU.ActiveCfg = Debug|Any CPU
		{DD3E96C1-FFAC-4A93-B5A5-861759AF1034}.Debug|Any CPU.Build.0 = Debug|Any CPU
		{DD3E96C1-FFAC-4A93-B5A5-861759AF1034}.Release|Any CPU.ActiveCfg = Release|Any CPU
		{DD3E96C1-FFAC-4A93-B5A5-861759AF1034}.Release|Any CPU.Build.0 = Release|Any CPU
		{7FB76F4B-30AA-47BD-8010-1FEC8D6B0E69}.Debug|Any CPU.ActiveCfg = Debug|Any CPU
		{7FB76F4B-30AA-47BD-8010-1FEC8D6B0E69}.Debug|Any CPU.Build.0 = Debug|Any CPU
		{7FB76F4B-30AA-47BD-8010-1FEC8D6B0E69}.Release|Any CPU.ActiveCfg = Release|Any CPU
		{7FB76F4B-30AA-47BD-8010-1FEC8D6B0E69}.Release|Any CPU.Build.0 = Release|Any CPU
		{A5F7C729-721C-4988-9DBB-8F264EBF28F4}.Debug|Any CPU.ActiveCfg = Debug|Any CPU
		{A5F7C729-721C-4988-9DBB-8F264EBF28F4}.Debug|Any CPU.Build.0 = Debug|Any CPU
		{A5F7C729-721C-4988-9DBB-8F264EBF28F4}.Release|Any CPU.ActiveCfg = Release|Any CPU
		{A5F7C729-721C-4988-9DBB-8F264EBF28F4}.Release|Any CPU.Build.0 = Release|Any CPU
	EndGlobalSection
	GlobalSection(SolutionProperties) = preSolution
		HideSolutionNode = FALSE
	EndGlobalSection
	GlobalSection(NestedProjects) = preSolution
		{38D74FE6-B047-49F3-8AF5-6330157D8579} = {0874EE29-A115-48F1-96B8-7CF0CF174126}
		{7FB76F4B-30AA-47BD-8010-1FEC8D6B0E69} = {0874EE29-A115-48F1-96B8-7CF0CF174126}
		{A5F7C729-721C-4988-9DBB-8F264EBF28F4} = {D9A213E3-0920-4C36-863C-111F69F7C858}
	EndGlobalSection
	GlobalSection(ExtensibilityGlobals) = postSolution
		SolutionGuid = {69CAFA4B-6518-42D5-B0B6-A5F446F1FF96}
	EndGlobalSection
EndGlobal
